// !$*UTF8*$!
{
	archiveVersion = 1;
	classes = {
	};
	objectVersion = 77;
	objects = {

/* Begin PBXBuildFile section */
		0352146A4D887D2D4DE94C2F /* Geo.swift in Sources */ = {isa = PBXBuildFile; fileRef = 6905BC6DA1BAE8FB5B82B7D3 /* Geo.swift */; };
		054A9969C0E62E8D66CD934E /* AlertsSection.swift in Sources */ = {isa = PBXBuildFile; fileRef = D1B79868BB0AA5534FBCB28F /* AlertsSection.swift */; };
		07B97BDF9DE64C127292A078 /* BrandMark.swift in Sources */ = {isa = PBXBuildFile; fileRef = 109B2506F56C929129666781 /* BrandMark.swift */; };
		07FB259DD074F78D5709D652 /* AircraftFeedClient.swift in Sources */ = {isa = PBXBuildFile; fileRef = B370E5F234924A16BBBDC64A /* AircraftFeedClient.swift */; };
		082D9B8EE5A2DBD1AF83C302 /* Aircraft.swift in Sources */ = {isa = PBXBuildFile; fileRef = D3168F8ECFCB9B5FB84C6F1C /* Aircraft.swift */; };
		0A00B4CC7833445AB4195D23 /* PairingStore.swift in Sources */ = {isa = PBXBuildFile; fileRef = 1090E20A438B07C7EEB72156 /* PairingStore.swift */; };
		0A6C8C41AB4DF1DBEAD55557 /* AirlineTable.swift in Sources */ = {isa = PBXBuildFile; fileRef = 3AEF2FBD702F1FB6A9136E8E /* AirlineTable.swift */; };
		0B4CA60C0DA28F8ADA2393D0 /* AircraftFeedClient.swift in Sources */ = {isa = PBXBuildFile; fileRef = B370E5F234924A16BBBDC64A /* AircraftFeedClient.swift */; };
		12ACD563BAEC7EDED74E198B /* RadarViewModel.swift in Sources */ = {isa = PBXBuildFile; fileRef = ABB3E03019CAE33D8C8A990F /* RadarViewModel.swift */; };
		1485C468E4F8E97DD13A9225 /* RadarSetup.swift in Sources */ = {isa = PBXBuildFile; fileRef = A7A11D6B5D603001781251E7 /* RadarSetup.swift */; };
		1FF8E6AF970A64DBEEDDACDC /* StratoScanWidget.swift in Sources */ = {isa = PBXBuildFile; fileRef = E12CD0D546205422368A65C2 /* StratoScanWidget.swift */; };
		20C8D825AE7493A46474525E /* AirlineLogos.swift in Sources */ = {isa = PBXBuildFile; fileRef = BD92F606AFE2E18D2B0D041D /* AirlineLogos.swift */; };
		2474402DE9D6E2A16B4EAA8A /* CreditsView.swift in Sources */ = {isa = PBXBuildFile; fileRef = 8E132796E2082CED29DB7C80 /* CreditsView.swift */; };
		254629EDA76970D90591B0F6 /* RelayClient.swift in Sources */ = {isa = PBXBuildFile; fileRef = CC414D1F7C9C0668085FEC8E /* RelayClient.swift */; };
		269215079BA3DDE12C6390FD /* StratoScanWatch.app in Embed Watch Content */ = {isa = PBXBuildFile; fileRef = 83ECDAD1503BA5D0F233B26F /* StratoScanWatch.app */; settings = {ATTRIBUTES = (RemoveHeadersOnCopy, ); }; };
		2884F43464F114112C0E9493 /* StratoScanNotificationService.appex in Embed Foundation Extensions */ = {isa = PBXBuildFile; fileRef = 8DA0A8BFA722DACA5B307874 /* StratoScanNotificationService.appex */; settings = {ATTRIBUTES = (RemoveHeadersOnCopy, ); }; };
		2AC5C03DF6FFAA7D3D45F7F3 /* RadarView.swift in Sources */ = {isa = PBXBuildFile; fileRef = 6255B3721DFF53AE0C8D17E0 /* RadarView.swift */; };
		2BBE19EA046C6ED4E76A20E2 /* RunwayClient.swift in Sources */ = {isa = PBXBuildFile; fileRef = 1BDF545DE5A8F64037D0FADF /* RunwayClient.swift */; };
		332F9A16CC2FC68ED5987B5B /* AirlineLogos.swift in Sources */ = {isa = PBXBuildFile; fileRef = BD92F606AFE2E18D2B0D041D /* AirlineLogos.swift */; };
		3A992A4171A2BB6C8A4467EA /* Geo.swift in Sources */ = {isa = PBXBuildFile; fileRef = 6905BC6DA1BAE8FB5B82B7D3 /* Geo.swift */; };
		4254C2DF93644335510D3F84 /* BrandMark.swift in Sources */ = {isa = PBXBuildFile; fileRef = 109B2506F56C929129666781 /* BrandMark.swift */; };
		4278F89C062ADF951F0EE9C9 /* WatchRadarView.swift in Sources */ = {isa = PBXBuildFile; fileRef = BF585A4164DCE73E0A7A5475 /* WatchRadarView.swift */; };
		44C9B21484D7E4D4A59127C9 /* PrivacyInfo.xcprivacy in Resources */ = {isa = PBXBuildFile; fileRef = 5A58D8D8AD0F833A42227072 /* PrivacyInfo.xcprivacy */; };
		47FCACC5697D001C68FA372B /* StratoScanWatchWidget.swift in Sources */ = {isa = PBXBuildFile; fileRef = A8074B62F31F78059673C06A /* StratoScanWatchWidget.swift */; };
		50966E29B1BD686FC832F274 /* demo-traffic.json in Resources */ = {isa = PBXBuildFile; fileRef = ADFE70925019421DA58CD9F3 /* demo-traffic.json */; };
		51BC9F7EDC0A1405433EAD10 /* NormalizedAircraft.swift in Sources */ = {isa = PBXBuildFile; fileRef = 89A5F15F73E851E0090FE784 /* NormalizedAircraft.swift */; };
		53EBD2558D2C5D02179BC7E5 /* AircraftFeedClient.swift in Sources */ = {isa = PBXBuildFile; fileRef = B370E5F234924A16BBBDC64A /* AircraftFeedClient.swift */; };
		5777BD63375DF19D2C953815 /* PlaneState.swift in Sources */ = {isa = PBXBuildFile; fileRef = 0E82595BD051F46CC02FFB13 /* PlaneState.swift */; };
		58BF1BFA5C8784D4AD22B13F /* APIConfig.swift in Sources */ = {isa = PBXBuildFile; fileRef = A098FF92E33AB26325CE095F /* APIConfig.swift */; };
		5D712035BF69F68E7FAFEEFA /* Sun.swift in Sources */ = {isa = PBXBuildFile; fileRef = A0964DFC845B4F543036F97B /* Sun.swift */; };
		6092AB4BC94415EAB9DEF3CF /* PairedRadarsSection.swift in Sources */ = {isa = PBXBuildFile; fileRef = E69F680442A5720A8114153F /* PairedRadarsSection.swift */; };
		62764A4C2015D31F9F971900 /* DemoFeed.swift in Sources */ = {isa = PBXBuildFile; fileRef = 38770332E10714A40F125D1E /* DemoFeed.swift */; };
		63AC7D46EBF48380FE2450BB /* DemoFeed.swift in Sources */ = {isa = PBXBuildFile; fileRef = 38770332E10714A40F125D1E /* DemoFeed.swift */; };
		6A8895D5B4BD6C96C7599F99 /* PushManager.swift in Sources */ = {isa = PBXBuildFile; fileRef = 3EF932BDCEE76DC5575404AD /* PushManager.swift */; };
		6E1E0F66E091F631527A6A12 /* BrandMark.swift in Sources */ = {isa = PBXBuildFile; fileRef = 109B2506F56C929129666781 /* BrandMark.swift */; };
		79DAF8AF86627ED0E3F72CE9 /* PairingScannerView.swift in Sources */ = {isa = PBXBuildFile; fileRef = 16423ED1D400C0B2A45C2002 /* PairingScannerView.swift */; };
		7A0AFB71E8F03D2A97F71761 /* PhoneLocation.swift in Sources */ = {isa = PBXBuildFile; fileRef = 5C1C328F0DCD1520DDBD41B1 /* PhoneLocation.swift */; };
		7A2CB4FEAA2BC9D2F9992AFA /* DemoFeed.swift in Sources */ = {isa = PBXBuildFile; fileRef = 38770332E10714A40F125D1E /* DemoFeed.swift */; };
		7AF06078206BCBE5A9C90481 /* NetworkFeed.swift in Sources */ = {isa = PBXBuildFile; fileRef = A576CEA30DD8149E5883D1B4 /* NetworkFeed.swift */; };
		8163E5CF4DB902A926F17993 /* CompassView.swift in Sources */ = {isa = PBXBuildFile; fileRef = 3DB756F4C0E00A8B80A67B26 /* CompassView.swift */; };
		817AB2CF37034BB40C9D2CF7 /* AirlineTable.swift in Sources */ = {isa = PBXBuildFile; fileRef = 3AEF2FBD702F1FB6A9136E8E /* AirlineTable.swift */; };
		8290B2A5BA9ACC02396DF0FC /* Geo.swift in Sources */ = {isa = PBXBuildFile; fileRef = 6905BC6DA1BAE8FB5B82B7D3 /* Geo.swift */; };
		8948A1447A82D1623E73DB0C /* ApproachActivity.swift in Sources */ = {isa = PBXBuildFile; fileRef = ABF1D0E823BF135A626E31C8 /* ApproachActivity.swift */; };
		8B01D4AA265CB5CA77E45406 /* BrandMark.swift in Sources */ = {isa = PBXBuildFile; fileRef = 109B2506F56C929129666781 /* BrandMark.swift */; };
		8CAF6B2B7F106DB063A3F146 /* Aircraft.swift in Sources */ = {isa = PBXBuildFile; fileRef = D3168F8ECFCB9B5FB84C6F1C /* Aircraft.swift */; };
		8DE093837B6BAFBD028C1A71 /* ContentView.swift in Sources */ = {isa = PBXBuildFile; fileRef = 532F388099584CEEA9C0299C /* ContentView.swift */; };
		8E980A9CB02E30870DC736B2 /* APIConfig.swift in Sources */ = {isa = PBXBuildFile; fileRef = A098FF92E33AB26325CE095F /* APIConfig.swift */; };
		900841E56DF063DA67A32AD1 /* AircraftFeedClient.swift in Sources */ = {isa = PBXBuildFile; fileRef = B370E5F234924A16BBBDC64A /* AircraftFeedClient.swift */; };
		9157A0831F9B9EC9E415CF57 /* Aircraft.swift in Sources */ = {isa = PBXBuildFile; fileRef = D3168F8ECFCB9B5FB84C6F1C /* Aircraft.swift */; };
		920AC1EB8F06F01F46C2A0FD /* demo-traffic.json in Resources */ = {isa = PBXBuildFile; fileRef = ADFE70925019421DA58CD9F3 /* demo-traffic.json */; };
		934B3ED873A86E8A5673D011 /* MapLibre in Frameworks */ = {isa = PBXBuildFile; productRef = 7C20BA2D470E3E45C84A8CA7 /* MapLibre */; };
		9671EC4BCB5338D5496B6481 /* StratoScanWidget.appex in Embed Foundation Extensions */ = {isa = PBXBuildFile; fileRef = 92DD6C3B28E22E020AB8AF6C /* StratoScanWidget.appex */; settings = {ATTRIBUTES = (RemoveHeadersOnCopy, ); }; };
		9A2C7EE6CB5A08A865F1F12E /* AircraftDetailView.swift in Sources */ = {isa = PBXBuildFile; fileRef = 28FCD46FE2608CE9258051EE /* AircraftDetailView.swift */; };
		9C38DCC3E87DA7DEE9B6FEE5 /* LocationBox.swift in Sources */ = {isa = PBXBuildFile; fileRef = BA2499CEE4298B39243830CF /* LocationBox.swift */; };
		9D28618B790C89D689CDB833 /* DemoFeed.swift in Sources */ = {isa = PBXBuildFile; fileRef = 38770332E10714A40F125D1E /* DemoFeed.swift */; };
		9D8617F4429628CE7056BFCF /* LogbookView.swift in Sources */ = {isa = PBXBuildFile; fileRef = 53FCE9789DB353F57B791A7D /* LogbookView.swift */; };
		9EC8B9A9BC6A5CD9C49ECFE5 /* DemoFeed.swift in Sources */ = {isa = PBXBuildFile; fileRef = 38770332E10714A40F125D1E /* DemoFeed.swift */; };
		A205F038BF4FEF76E68F41EC /* Aircraft.swift in Sources */ = {isa = PBXBuildFile; fileRef = D3168F8ECFCB9B5FB84C6F1C /* Aircraft.swift */; };
		A22853673B0998017B521C54 /* RelayIdentity.swift in Sources */ = {isa = PBXBuildFile; fileRef = 6E534C32F3ECBB21182EE4C9 /* RelayIdentity.swift */; };
		A77D7956DFCBA6DF7ACA8167 /* SettingsView.swift in Sources */ = {isa = PBXBuildFile; fileRef = D90A7E250CDF5539119800EB /* SettingsView.swift */; };
		A865B45D14C1BC24C305ACE0 /* LocationBox.swift in Sources */ = {isa = PBXBuildFile; fileRef = BA2499CEE4298B39243830CF /* LocationBox.swift */; };
		A92BD58AD7A25002A784602A /* Aircraft.swift in Sources */ = {isa = PBXBuildFile; fileRef = D3168F8ECFCB9B5FB84C6F1C /* Aircraft.swift */; };
		A9BC9D203249E0993BF07720 /* StratoScanWatchWidget.appex in Embed Foundation Extensions */ = {isa = PBXBuildFile; fileRef = 4478D23E879A260BD2F0E435 /* StratoScanWatchWidget.appex */; settings = {ATTRIBUTES = (RemoveHeadersOnCopy, ); }; };
		AAB94812ECA2AC687CC84BA6 /* StratoScanWatchApp.swift in Sources */ = {isa = PBXBuildFile; fileRef = 6CD375C4844C3B75F45C6A59 /* StratoScanWatchApp.swift */; };
		AC10DF173C5C924119C81655 /* PrivacyInfo.xcprivacy in Resources */ = {isa = PBXBuildFile; fileRef = 2564060ACA6BAF4F0D878F8C /* PrivacyInfo.xcprivacy */; };
		AC7C947B6D6394C222DF245A /* AircraftTypeClient.swift in Sources */ = {isa = PBXBuildFile; fileRef = E60AF4100439FB20D72664EA /* AircraftTypeClient.swift */; };
		ADF6ACF09F206C0FB2DA91D2 /* RouteLookupClient.swift in Sources */ = {isa = PBXBuildFile; fileRef = B58ED1F8B15582C0D6DADA1D /* RouteLookupClient.swift */; };
		AE3FE7C128BDE20BBE7D56E9 /* APIConfig.swift in Sources */ = {isa = PBXBuildFile; fileRef = A098FF92E33AB26325CE095F /* APIConfig.swift */; };
		BB4508356F7CF032D1549B89 /* demo-traffic.json in Resources */ = {isa = PBXBuildFile; fileRef = ADFE70925019421DA58CD9F3 /* demo-traffic.json */; };
		BC2C37BC0301F0E59E658902 /* Geo.swift in Sources */ = {isa = PBXBuildFile; fileRef = 6905BC6DA1BAE8FB5B82B7D3 /* Geo.swift */; };
		C21AC1382A485A5E79CCDDB3 /* WatchSync.swift in Sources */ = {isa = PBXBuildFile; fileRef = 4000B97716592BC2F6C0F46E /* WatchSync.swift */; };
		C9A41294E0070DF5F7DF4153 /* AirlineTable.swift in Sources */ = {isa = PBXBuildFile; fileRef = 3AEF2FBD702F1FB6A9136E8E /* AirlineTable.swift */; };
		CFDA24419A4CB93DCDD32CB4 /* Assets.xcassets in Resources */ = {isa = PBXBuildFile; fileRef = 808B86321C24DFDE215A7F10 /* Assets.xcassets */; };
		D0419AF3AAF3B967830979F9 /* Geo.swift in Sources */ = {isa = PBXBuildFile; fileRef = 6905BC6DA1BAE8FB5B82B7D3 /* Geo.swift */; };
		D257E4B524CEA75F7CE1B7A8 /* RadarSetupView.swift in Sources */ = {isa = PBXBuildFile; fileRef = A87888DC767A33BAAF2D5B9D /* RadarSetupView.swift */; };
		D345098C577D7EA4D3147B31 /* ApproachReporter.swift in Sources */ = {isa = PBXBuildFile; fileRef = 65A687C4494E483CEDA48297 /* ApproachReporter.swift */; };
		D679323A58232150307D4D11 /* NetworkFeed.swift in Sources */ = {isa = PBXBuildFile; fileRef = A576CEA30DD8149E5883D1B4 /* NetworkFeed.swift */; };
		D7B12E42E96B13FE5E97E333 /* NotificationService.swift in Sources */ = {isa = PBXBuildFile; fileRef = 27835EEC2F101125FFDA7EEA /* NotificationService.swift */; };
		D9A2808D0FA7914B9A661B29 /* PrivacyInfo.xcprivacy in Resources */ = {isa = PBXBuildFile; fileRef = C25B99A1198C2E5787B7C62D /* PrivacyInfo.xcprivacy */; };
		E190B6C439D8CDE0C7DFB766 /* NetworkFeed.swift in Sources */ = {isa = PBXBuildFile; fileRef = A576CEA30DD8149E5883D1B4 /* NetworkFeed.swift */; };
		E32113C4072A45050B7E1A9D /* APIConfig.swift in Sources */ = {isa = PBXBuildFile; fileRef = A098FF92E33AB26325CE095F /* APIConfig.swift */; };
		E4F424AAEDD0569C0495189A /* demo-traffic.json in Resources */ = {isa = PBXBuildFile; fileRef = ADFE70925019421DA58CD9F3 /* demo-traffic.json */; };
		E991F05E5706064DAC15410A /* ApproachLiveActivity.swift in Sources */ = {isa = PBXBuildFile; fileRef = 226B03BD18336D799EBAFA4C /* ApproachLiveActivity.swift */; };
		EAA2B527983849ACFD037927 /* Palette.swift in Sources */ = {isa = PBXBuildFile; fileRef = 16A31ACA7FCC70909950AEF1 /* Palette.swift */; };
		EB944A79D57325EBF257552D /* Assets.xcassets in Resources */ = {isa = PBXBuildFile; fileRef = 80C9E605F666B8E6F21F9B09 /* Assets.xcassets */; };
		ECEC184F87581901614EA200 /* demo-traffic.json in Resources */ = {isa = PBXBuildFile; fileRef = ADFE70925019421DA58CD9F3 /* demo-traffic.json */; };
		EEE12213C8DA5F899E964ADD /* MapBackgroundView.swift in Sources */ = {isa = PBXBuildFile; fileRef = 0CA3876EBB75F3DB2B38D2A4 /* MapBackgroundView.swift */; };
		EF30B2F476FFFFAE03E658F5 /* AirlineLogos.swift in Sources */ = {isa = PBXBuildFile; fileRef = BD92F606AFE2E18D2B0D041D /* AirlineLogos.swift */; };
		F14EEBD43626C281A4908B6A /* LocationBox.swift in Sources */ = {isa = PBXBuildFile; fileRef = BA2499CEE4298B39243830CF /* LocationBox.swift */; };
		F441AEAF7530A7F39A3B8594 /* PrivacyInfo.xcprivacy in Resources */ = {isa = PBXBuildFile; fileRef = BDFEB58F51F452F250E97B40 /* PrivacyInfo.xcprivacy */; };
		F845C36E53A8D89469F3DF09 /* ApproachActivity.swift in Sources */ = {isa = PBXBuildFile; fileRef = ABF1D0E823BF135A626E31C8 /* ApproachActivity.swift */; };
		FA1F6E8BABAE41C1024B2895 /* ApproachActivity.swift in Sources */ = {isa = PBXBuildFile; fileRef = ABF1D0E823BF135A626E31C8 /* ApproachActivity.swift */; };
		FB75EE609F71C89FEBC67D14 /* SkyView.swift in Sources */ = {isa = PBXBuildFile; fileRef = DBB03F1CD7B7A71905FF5419 /* SkyView.swift */; };
		FB7AB38C2AE6D7474636A7CD /* APIConfig.swift in Sources */ = {isa = PBXBuildFile; fileRef = A098FF92E33AB26325CE095F /* APIConfig.swift */; };
		FBFA73F23B10FB7172058A19 /* StratoScanApp.swift in Sources */ = {isa = PBXBuildFile; fileRef = 05F2836A599D89EADA657F2A /* StratoScanApp.swift */; };
		FEB5C90D895AF061295872C1 /* AircraftFeedClient.swift in Sources */ = {isa = PBXBuildFile; fileRef = B370E5F234924A16BBBDC64A /* AircraftFeedClient.swift */; };
/* End PBXBuildFile section */

/* Begin PBXContainerItemProxy section */
		A5157B24993D5F854CD3E32D /* PBXContainerItemProxy */ = {
			isa = PBXContainerItemProxy;
			containerPortal = 777A226CE838DD7247974369 /* Project object */;
			proxyType = 1;
			remoteGlobalIDString = 6102AAE5BD45DE0990EDCDC4;
			remoteInfo = StratoScanWatch;
		};
		AE34BC6030118388F5B76F79 /* PBXContainerItemProxy */ = {
			isa = PBXContainerItemProxy;
			containerPortal = 777A226CE838DD7247974369 /* Project object */;
			proxyType = 1;
			remoteGlobalIDString = D4BC17E64D7441F3E91AE5D0;
			remoteInfo = StratoScanWidget;
		};
		CEA2A483832B80C12BBDEA03 /* PBXContainerItemProxy */ = {
			isa = PBXContainerItemProxy;
			containerPortal = 777A226CE838DD7247974369 /* Project object */;
			proxyType = 1;
			remoteGlobalIDString = CD6188FBDC801374E61DEB37;
			remoteInfo = StratoScanNotificationService;
		};
		F9A628B3175812089B0FB3BE /* PBXContainerItemProxy */ = {
			isa = PBXContainerItemProxy;
			containerPortal = 777A226CE838DD7247974369 /* Project object */;
			proxyType = 1;
			remoteGlobalIDString = 437B5EB92413B6288EF916B0;
			remoteInfo = StratoScanWatchWidget;
		};
/* End PBXContainerItemProxy section */

/* Begin PBXCopyFilesBuildPhase section */
		2CFB5C169B3DB1CE0B6A95E3 /* Embed Foundation Extensions */ = {
			isa = PBXCopyFilesBuildPhase;
			buildActionMask = 2147483647;
			dstPath = "";
			dstSubfolderSpec = 13;
			files = (
				9671EC4BCB5338D5496B6481 /* StratoScanWidget.appex in Embed Foundation Extensions */,
				2884F43464F114112C0E9493 /* StratoScanNotificationService.appex in Embed Foundation Extensions */,
			);
			name = "Embed Foundation Extensions";
			runOnlyForDeploymentPostprocessing = 0;
		};
		416D1FE18F890D64AEE06DCB /* Embed Watch Content */ = {
			isa = PBXCopyFilesBuildPhase;
			buildActionMask = 2147483647;
			dstPath = "$(CONTENTS_FOLDER_PATH)/Watch";
			dstSubfolderSpec = 16;
			files = (
				269215079BA3DDE12C6390FD /* StratoScanWatch.app in Embed Watch Content */,
			);
			name = "Embed Watch Content";
			runOnlyForDeploymentPostprocessing = 0;
		};
		D4CEC3AD3B8FC1B4259484CE /* Embed Foundation Extensions */ = {
			isa = PBXCopyFilesBuildPhase;
			buildActionMask = 2147483647;
			dstPath = "";
			dstSubfolderSpec = 13;
			files = (
				A9BC9D203249E0993BF07720 /* StratoScanWatchWidget.appex in Embed Foundation Extensions */,
			);
			name = "Embed Foundation Extensions";
			runOnlyForDeploymentPostprocessing = 0;
		};
/* End PBXCopyFilesBuildPhase section */

/* Begin PBXFileReference section */
		05F2836A599D89EADA657F2A /* StratoScanApp.swift */ = {isa = PBXFileReference; lastKnownFileType = sourcecode.swift; path = StratoScanApp.swift; sourceTree = "<group>"; };
		0B00DDDC2BDF58235124A738 /* Info.plist */ = {isa = PBXFileReference; lastKnownFileType = text.plist; path = Info.plist; sourceTree = "<group>"; };
		0CA3876EBB75F3DB2B38D2A4 /* MapBackgroundView.swift */ = {isa = PBXFileReference; lastKnownFileType = sourcecode.swift; path = MapBackgroundView.swift; sourceTree = "<group>"; };
		0E82595BD051F46CC02FFB13 /* PlaneState.swift */ = {isa = PBXFileReference; lastKnownFileType = sourcecode.swift; path = PlaneState.swift; sourceTree = "<group>"; };
		1090E20A438B07C7EEB72156 /* PairingStore.swift */ = {isa = PBXFileReference; lastKnownFileType = sourcecode.swift; path = PairingStore.swift; sourceTree = "<group>"; };
		109B2506F56C929129666781 /* BrandMark.swift */ = {isa = PBXFileReference; lastKnownFileType = sourcecode.swift; path = BrandMark.swift; sourceTree = "<group>"; };
		16423ED1D400C0B2A45C2002 /* PairingScannerView.swift */ = {isa = PBXFileReference; lastKnownFileType = sourcecode.swift; path = PairingScannerView.swift; sourceTree = "<group>"; };
		16A31ACA7FCC70909950AEF1 /* Palette.swift */ = {isa = PBXFileReference; lastKnownFileType = sourcecode.swift; path = Palette.swift; sourceTree = "<group>"; };
		1BDF545DE5A8F64037D0FADF /* RunwayClient.swift */ = {isa = PBXFileReference; lastKnownFileType = sourcecode.swift; path = RunwayClient.swift; sourceTree = "<group>"; };
		226B03BD18336D799EBAFA4C /* ApproachLiveActivity.swift */ = {isa = PBXFileReference; lastKnownFileType = sourcecode.swift; path = ApproachLiveActivity.swift; sourceTree = "<group>"; };
		2564060ACA6BAF4F0D878F8C /* PrivacyInfo.xcprivacy */ = {isa = PBXFileReference; path = PrivacyInfo.xcprivacy; sourceTree = "<group>"; };
		27835EEC2F101125FFDA7EEA /* NotificationService.swift */ = {isa = PBXFileReference; lastKnownFileType = sourcecode.swift; path = NotificationService.swift; sourceTree = "<group>"; };
		28FCD46FE2608CE9258051EE /* AircraftDetailView.swift */ = {isa = PBXFileReference; lastKnownFileType = sourcecode.swift; path = AircraftDetailView.swift; sourceTree = "<group>"; };
		36C13ABC4222195B01CDA33F /* Info.plist */ = {isa = PBXFileReference; lastKnownFileType = text.plist; path = Info.plist; sourceTree = "<group>"; };
		38770332E10714A40F125D1E /* DemoFeed.swift */ = {isa = PBXFileReference; lastKnownFileType = sourcecode.swift; path = DemoFeed.swift; sourceTree = "<group>"; };
		3AEF2FBD702F1FB6A9136E8E /* AirlineTable.swift */ = {isa = PBXFileReference; lastKnownFileType = sourcecode.swift; path = AirlineTable.swift; sourceTree = "<group>"; };
		3DB756F4C0E00A8B80A67B26 /* CompassView.swift */ = {isa = PBXFileReference; lastKnownFileType = sourcecode.swift; path = CompassView.swift; sourceTree = "<group>"; };
		3EF932BDCEE76DC5575404AD /* PushManager.swift */ = {isa = PBXFileReference; lastKnownFileType = sourcecode.swift; path = PushManager.swift; sourceTree = "<group>"; };
		4000B97716592BC2F6C0F46E /* WatchSync.swift */ = {isa = PBXFileReference; lastKnownFileType = sourcecode.swift; path = WatchSync.swift; sourceTree = "<group>"; };
		4478D23E879A260BD2F0E435 /* StratoScanWatchWidget.appex */ = {isa = PBXFileReference; explicitFileType = "wrapper.app-extension"; includeInIndex = 0; path = StratoScanWatchWidget.appex; sourceTree = BUILT_PRODUCTS_DIR; };
		4C86D52E6CAC9EDB7B41AA68 /* StratoScan.entitlements */ = {isa = PBXFileReference; lastKnownFileType = text.plist.entitlements; path = StratoScan.entitlements; sourceTree = "<group>"; };
		532F388099584CEEA9C0299C /* ContentView.swift */ = {isa = PBXFileReference; lastKnownFileType = sourcecode.swift; path = ContentView.swift; sourceTree = "<group>"; };
		53FCE9789DB353F57B791A7D /* LogbookView.swift */ = {isa = PBXFileReference; lastKnownFileType = sourcecode.swift; path = LogbookView.swift; sourceTree = "<group>"; };
		5A58D8D8AD0F833A42227072 /* PrivacyInfo.xcprivacy */ = {isa = PBXFileReference; path = PrivacyInfo.xcprivacy; sourceTree = "<group>"; };
		5C1C328F0DCD1520DDBD41B1 /* PhoneLocation.swift */ = {isa = PBXFileReference; lastKnownFileType = sourcecode.swift; path = PhoneLocation.swift; sourceTree = "<group>"; };
		6255B3721DFF53AE0C8D17E0 /* RadarView.swift */ = {isa = PBXFileReference; lastKnownFileType = sourcecode.swift; path = RadarView.swift; sourceTree = "<group>"; };
		65A687C4494E483CEDA48297 /* ApproachReporter.swift */ = {isa = PBXFileReference; lastKnownFileType = sourcecode.swift; path = ApproachReporter.swift; sourceTree = "<group>"; };
		6609CC85BB3894A9CAD1F7C1 /* StratoScan.app */ = {isa = PBXFileReference; includeInIndex = 0; lastKnownFileType = wrapper.application; path = StratoScan.app; sourceTree = BUILT_PRODUCTS_DIR; };
		6905BC6DA1BAE8FB5B82B7D3 /* Geo.swift */ = {isa = PBXFileReference; lastKnownFileType = sourcecode.swift; path = Geo.swift; sourceTree = "<group>"; };
		6CD375C4844C3B75F45C6A59 /* StratoScanWatchApp.swift */ = {isa = PBXFileReference; lastKnownFileType = sourcecode.swift; path = StratoScanWatchApp.swift; sourceTree = "<group>"; };
		6E534C32F3ECBB21182EE4C9 /* RelayIdentity.swift */ = {isa = PBXFileReference; lastKnownFileType = sourcecode.swift; path = RelayIdentity.swift; sourceTree = "<group>"; };
		808B86321C24DFDE215A7F10 /* Assets.xcassets */ = {isa = PBXFileReference; lastKnownFileType = folder.assetcatalog; path = Assets.xcassets; sourceTree = "<group>"; };
		80C9E605F666B8E6F21F9B09 /* Assets.xcassets */ = {isa = PBXFileReference; lastKnownFileType = folder.assetcatalog; path = Assets.xcassets; sourceTree = "<group>"; };
		83ECDAD1503BA5D0F233B26F /* StratoScanWatch.app */ = {isa = PBXFileReference; explicitFileType = wrapper.application; includeInIndex = 0; path = StratoScanWatch.app; sourceTree = BUILT_PRODUCTS_DIR; };
		89A5F15F73E851E0090FE784 /* NormalizedAircraft.swift */ = {isa = PBXFileReference; lastKnownFileType = sourcecode.swift; path = NormalizedAircraft.swift; sourceTree = "<group>"; };
		8DA0A8BFA722DACA5B307874 /* StratoScanNotificationService.appex */ = {isa = PBXFileReference; includeInIndex = 0; lastKnownFileType = "wrapper.app-extension"; path = StratoScanNotificationService.appex; sourceTree = BUILT_PRODUCTS_DIR; };
		8E132796E2082CED29DB7C80 /* CreditsView.swift */ = {isa = PBXFileReference; lastKnownFileType = sourcecode.swift; path = CreditsView.swift; sourceTree = "<group>"; };
		92DD6C3B28E22E020AB8AF6C /* StratoScanWidget.appex */ = {isa = PBXFileReference; includeInIndex = 0; lastKnownFileType = "wrapper.app-extension"; path = StratoScanWidget.appex; sourceTree = BUILT_PRODUCTS_DIR; };
		9B707CA4D90694E35915217F /* Info.plist */ = {isa = PBXFileReference; lastKnownFileType = text.plist; path = Info.plist; sourceTree = "<group>"; };
		A0964DFC845B4F543036F97B /* Sun.swift */ = {isa = PBXFileReference; lastKnownFileType = sourcecode.swift; path = Sun.swift; sourceTree = "<group>"; };
		A098FF92E33AB26325CE095F /* APIConfig.swift */ = {isa = PBXFileReference; lastKnownFileType = sourcecode.swift; path = APIConfig.swift; sourceTree = "<group>"; };
		A553C39663C267646A4ED80A /* Info.plist */ = {isa = PBXFileReference; lastKnownFileType = text.plist; path = Info.plist; sourceTree = "<group>"; };
		A576CEA30DD8149E5883D1B4 /* NetworkFeed.swift */ = {isa = PBXFileReference; lastKnownFileType = sourcecode.swift; path = NetworkFeed.swift; sourceTree = "<group>"; };
		A7A11D6B5D603001781251E7 /* RadarSetup.swift */ = {isa = PBXFileReference; lastKnownFileType = sourcecode.swift; path = RadarSetup.swift; sourceTree = "<group>"; };
		A8074B62F31F78059673C06A /* StratoScanWatchWidget.swift */ = {isa = PBXFileReference; lastKnownFileType = sourcecode.swift; path = StratoScanWatchWidget.swift; sourceTree = "<group>"; };
		A87888DC767A33BAAF2D5B9D /* RadarSetupView.swift */ = {isa = PBXFileReference; lastKnownFileType = sourcecode.swift; path = RadarSetupView.swift; sourceTree = "<group>"; };
		ABB3E03019CAE33D8C8A990F /* RadarViewModel.swift */ = {isa = PBXFileReference; lastKnownFileType = sourcecode.swift; path = RadarViewModel.swift; sourceTree = "<group>"; };
		ABF1D0E823BF135A626E31C8 /* ApproachActivity.swift */ = {isa = PBXFileReference; lastKnownFileType = sourcecode.swift; path = ApproachActivity.swift; sourceTree = "<group>"; };
		ADFE70925019421DA58CD9F3 /* demo-traffic.json */ = {isa = PBXFileReference; lastKnownFileType = text.json; path = "demo-traffic.json"; sourceTree = "<group>"; };
		B35541D42F9E00B1B1A39885 /* Info.plist */ = {isa = PBXFileReference; lastKnownFileType = text.plist; path = Info.plist; sourceTree = "<group>"; };
		B370E5F234924A16BBBDC64A /* AircraftFeedClient.swift */ = {isa = PBXFileReference; lastKnownFileType = sourcecode.swift; path = AircraftFeedClient.swift; sourceTree = "<group>"; };
		B58ED1F8B15582C0D6DADA1D /* RouteLookupClient.swift */ = {isa = PBXFileReference; lastKnownFileType = sourcecode.swift; path = RouteLookupClient.swift; sourceTree = "<group>"; };
		BA2499CEE4298B39243830CF /* LocationBox.swift */ = {isa = PBXFileReference; lastKnownFileType = sourcecode.swift; path = LocationBox.swift; sourceTree = "<group>"; };
		BD92F606AFE2E18D2B0D041D /* AirlineLogos.swift */ = {isa = PBXFileReference; lastKnownFileType = sourcecode.swift; path = AirlineLogos.swift; sourceTree = "<group>"; };
		BDFEB58F51F452F250E97B40 /* PrivacyInfo.xcprivacy */ = {isa = PBXFileReference; path = PrivacyInfo.xcprivacy; sourceTree = "<group>"; };
		BF585A4164DCE73E0A7A5475 /* WatchRadarView.swift */ = {isa = PBXFileReference; lastKnownFileType = sourcecode.swift; path = WatchRadarView.swift; sourceTree = "<group>"; };
		C25B99A1198C2E5787B7C62D /* PrivacyInfo.xcprivacy */ = {isa = PBXFileReference; path = PrivacyInfo.xcprivacy; sourceTree = "<group>"; };
		CC414D1F7C9C0668085FEC8E /* RelayClient.swift */ = {isa = PBXFileReference; lastKnownFileType = sourcecode.swift; path = RelayClient.swift; sourceTree = "<group>"; };
		D1B79868BB0AA5534FBCB28F /* AlertsSection.swift */ = {isa = PBXFileReference; lastKnownFileType = sourcecode.swift; path = AlertsSection.swift; sourceTree = "<group>"; };
		D3168F8ECFCB9B5FB84C6F1C /* Aircraft.swift */ = {isa = PBXFileReference; lastKnownFileType = sourcecode.swift; path = Aircraft.swift; sourceTree = "<group>"; };
		D90A7E250CDF5539119800EB /* SettingsView.swift */ = {isa = PBXFileReference; lastKnownFileType = sourcecode.swift; path = SettingsView.swift; sourceTree = "<group>"; };
		DBB03F1CD7B7A71905FF5419 /* SkyView.swift */ = {isa = PBXFileReference; lastKnownFileType = sourcecode.swift; path = SkyView.swift; sourceTree = "<group>"; };
		E12CD0D546205422368A65C2 /* StratoScanWidget.swift */ = {isa = PBXFileReference; lastKnownFileType = sourcecode.swift; path = StratoScanWidget.swift; sourceTree = "<group>"; };
		E60AF4100439FB20D72664EA /* AircraftTypeClient.swift */ = {isa = PBXFileReference; lastKnownFileType = sourcecode.swift; path = AircraftTypeClient.swift; sourceTree = "<group>"; };
		E69F680442A5720A8114153F /* PairedRadarsSection.swift */ = {isa = PBXFileReference; lastKnownFileType = sourcecode.swift; path = PairedRadarsSection.swift; sourceTree = "<group>"; };
		FA0BC8C34AFAE9D21BA9E106 /* StratoScanWidget.entitlements */ = {isa = PBXFileReference; lastKnownFileType = text.plist.entitlements; path = StratoScanWidget.entitlements; sourceTree = "<group>"; };
/* End PBXFileReference section */

/* Begin PBXFrameworksBuildPhase section */
		602881EEA274C379929E3C61 /* Frameworks */ = {
			isa = PBXFrameworksBuildPhase;
			buildActionMask = 2147483647;
			files = (
				934B3ED873A86E8A5673D011 /* MapLibre in Frameworks */,
			);
			runOnlyForDeploymentPostprocessing = 0;
		};
/* End PBXFrameworksBuildPhase section */

/* Begin PBXGroup section */
		0C0C3B3306B2ACD4CD460EF9 /* StratoScanNotificationService */ = {
			isa = PBXGroup;
			children = (
				B35541D42F9E00B1B1A39885 /* Info.plist */,
				27835EEC2F101125FFDA7EEA /* NotificationService.swift */,
			);
			path = StratoScanNotificationService;
			sourceTree = "<group>";
		};
		26EC111CA7C65B0CBF2D670E /* Theme */ = {
			isa = PBXGroup;
			children = (
				16A31ACA7FCC70909950AEF1 /* Palette.swift */,
				A0964DFC845B4F543036F97B /* Sun.swift */,
			);
			path = Theme;
			sourceTree = "<group>";
		};
		29C48750C4D553482F4D2A23 /* Views */ = {
			isa = PBXGroup;
			children = (
				28FCD46FE2608CE9258051EE /* AircraftDetailView.swift */,
				D1B79868BB0AA5534FBCB28F /* AlertsSection.swift */,
				3DB756F4C0E00A8B80A67B26 /* CompassView.swift */,
				532F388099584CEEA9C0299C /* ContentView.swift */,
				8E132796E2082CED29DB7C80 /* CreditsView.swift */,
				53FCE9789DB353F57B791A7D /* LogbookView.swift */,
				0CA3876EBB75F3DB2B38D2A4 /* MapBackgroundView.swift */,
				E69F680442A5720A8114153F /* PairedRadarsSection.swift */,
				6255B3721DFF53AE0C8D17E0 /* RadarView.swift */,
				D90A7E250CDF5539119800EB /* SettingsView.swift */,
				DBB03F1CD7B7A71905FF5419 /* SkyView.swift */,
			);
			path = Views;
			sourceTree = "<group>";
		};
		34EE312F0E816F372A2BA7B4 /* Networking */ = {
			isa = PBXGroup;
			children = (
				E60AF4100439FB20D72664EA /* AircraftTypeClient.swift */,
				B58ED1F8B15582C0D6DADA1D /* RouteLookupClient.swift */,
				1BDF545DE5A8F64037D0FADF /* RunwayClient.swift */,
			);
			path = Networking;
			sourceTree = "<group>";
		};
		368A1CC318FD55732F2C4EFB /* StratoScanWatch */ = {
			isa = PBXGroup;
			children = (
				80C9E605F666B8E6F21F9B09 /* Assets.xcassets */,
				0B00DDDC2BDF58235124A738 /* Info.plist */,
				5A58D8D8AD0F833A42227072 /* PrivacyInfo.xcprivacy */,
				6CD375C4844C3B75F45C6A59 /* StratoScanWatchApp.swift */,
				BF585A4164DCE73E0A7A5475 /* WatchRadarView.swift */,
			);
			path = StratoScanWatch;
			sourceTree = "<group>";
		};
		4EE8AB0D0F430F4A64D7AACE /* Setup */ = {
			isa = PBXGroup;
			children = (
				A7A11D6B5D603001781251E7 /* RadarSetup.swift */,
				A87888DC767A33BAAF2D5B9D /* RadarSetupView.swift */,
			);
			path = Setup;
			sourceTree = "<group>";
		};
		52E825E725DB690EA3473E75 /* Models */ = {
			isa = PBXGroup;
			children = (
				89A5F15F73E851E0090FE784 /* NormalizedAircraft.swift */,
				0E82595BD051F46CC02FFB13 /* PlaneState.swift */,
			);
			path = Models;
			sourceTree = "<group>";
		};
		68FF1D92A8CFAD2FDC9B9E9E /* StratoScanWatchWidget */ = {
			isa = PBXGroup;
			children = (
				9B707CA4D90694E35915217F /* Info.plist */,
				BDFEB58F51F452F250E97B40 /* PrivacyInfo.xcprivacy */,
				A8074B62F31F78059673C06A /* StratoScanWatchWidget.swift */,
			);
			path = StratoScanWatchWidget;
			sourceTree = "<group>";
		};
		79BA6A110519C3ED45ABAFF3 /* Shared */ = {
			isa = PBXGroup;
			children = (
				D3168F8ECFCB9B5FB84C6F1C /* Aircraft.swift */,
				B370E5F234924A16BBBDC64A /* AircraftFeedClient.swift */,
				BD92F606AFE2E18D2B0D041D /* AirlineLogos.swift */,
				3AEF2FBD702F1FB6A9136E8E /* AirlineTable.swift */,
				A098FF92E33AB26325CE095F /* APIConfig.swift */,
				ABF1D0E823BF135A626E31C8 /* ApproachActivity.swift */,
				109B2506F56C929129666781 /* BrandMark.swift */,
				ADFE70925019421DA58CD9F3 /* demo-traffic.json */,
				38770332E10714A40F125D1E /* DemoFeed.swift */,
				6905BC6DA1BAE8FB5B82B7D3 /* Geo.swift */,
				BA2499CEE4298B39243830CF /* LocationBox.swift */,
				A576CEA30DD8149E5883D1B4 /* NetworkFeed.swift */,
			);
			path = Shared;
			sourceTree = "<group>";
		};
		7B0C8EB89006556879913A8A /* StratoScanWidget */ = {
			isa = PBXGroup;
			children = (
				226B03BD18336D799EBAFA4C /* ApproachLiveActivity.swift */,
				36C13ABC4222195B01CDA33F /* Info.plist */,
				2564060ACA6BAF4F0D878F8C /* PrivacyInfo.xcprivacy */,
				FA0BC8C34AFAE9D21BA9E106 /* StratoScanWidget.entitlements */,
				E12CD0D546205422368A65C2 /* StratoScanWidget.swift */,
			);
			path = StratoScanWidget;
			sourceTree = "<group>";
		};
		878856C25271650224D00838 = {
			isa = PBXGroup;
			children = (
				79BA6A110519C3ED45ABAFF3 /* Shared */,
				EE2FEA98A094363DBD07BA4A /* StratoScan */,
				0C0C3B3306B2ACD4CD460EF9 /* StratoScanNotificationService */,
				368A1CC318FD55732F2C4EFB /* StratoScanWatch */,
				68FF1D92A8CFAD2FDC9B9E9E /* StratoScanWatchWidget */,
				7B0C8EB89006556879913A8A /* StratoScanWidget */,
				A9627103A766F589FDB210E1 /* Products */,
			);
			sourceTree = "<group>";
		};
		9845B043468053F96680B144 /* ViewModels */ = {
			isa = PBXGroup;
			children = (
				ABB3E03019CAE33D8C8A990F /* RadarViewModel.swift */,
			);
			path = ViewModels;
			sourceTree = "<group>";
		};
		9C801ADC436FFAF020F4521E /* Watch */ = {
			isa = PBXGroup;
			children = (
				4000B97716592BC2F6C0F46E /* WatchSync.swift */,
			);
			path = Watch;
			sourceTree = "<group>";
		};
		A9627103A766F589FDB210E1 /* Products */ = {
			isa = PBXGroup;
			children = (
				6609CC85BB3894A9CAD1F7C1 /* StratoScan.app */,
				8DA0A8BFA722DACA5B307874 /* StratoScanNotificationService.appex */,
				83ECDAD1503BA5D0F233B26F /* StratoScanWatch.app */,
				4478D23E879A260BD2F0E435 /* StratoScanWatchWidget.appex */,
				92DD6C3B28E22E020AB8AF6C /* StratoScanWidget.appex */,
			);
			name = Products;
			sourceTree = "<group>";
		};
		B3D8908AAB0B29ED84CA94F6 /* Location */ = {
			isa = PBXGroup;
			children = (
				65A687C4494E483CEDA48297 /* ApproachReporter.swift */,
				5C1C328F0DCD1520DDBD41B1 /* PhoneLocation.swift */,
			);
			path = Location;
			sourceTree = "<group>";
		};
		D4BAABE230A303BBC3FEC577 /* App */ = {
			isa = PBXGroup;
			children = (
				808B86321C24DFDE215A7F10 /* Assets.xcassets */,
				A553C39663C267646A4ED80A /* Info.plist */,
				C25B99A1198C2E5787B7C62D /* PrivacyInfo.xcprivacy */,
				4C86D52E6CAC9EDB7B41AA68 /* StratoScan.entitlements */,
				05F2836A599D89EADA657F2A /* StratoScanApp.swift */,
			);
			path = App;
			sourceTree = "<group>";
		};
		EE2FEA98A094363DBD07BA4A /* StratoScan */ = {
			isa = PBXGroup;
			children = (
				D4BAABE230A303BBC3FEC577 /* App */,
				B3D8908AAB0B29ED84CA94F6 /* Location */,
				52E825E725DB690EA3473E75 /* Models */,
				34EE312F0E816F372A2BA7B4 /* Networking */,
				F2F7AC84DDFF979C6BE651A7 /* Pairing */,
				4EE8AB0D0F430F4A64D7AACE /* Setup */,
				26EC111CA7C65B0CBF2D670E /* Theme */,
				9845B043468053F96680B144 /* ViewModels */,
				29C48750C4D553482F4D2A23 /* Views */,
				9C801ADC436FFAF020F4521E /* Watch */,
			);
			path = StratoScan;
			sourceTree = "<group>";
		};
		F2F7AC84DDFF979C6BE651A7 /* Pairing */ = {
			isa = PBXGroup;
			children = (
				16423ED1D400C0B2A45C2002 /* PairingScannerView.swift */,
				1090E20A438B07C7EEB72156 /* PairingStore.swift */,
				3EF932BDCEE76DC5575404AD /* PushManager.swift */,
				CC414D1F7C9C0668085FEC8E /* RelayClient.swift */,
				6E534C32F3ECBB21182EE4C9 /* RelayIdentity.swift */,
			);
			path = Pairing;
			sourceTree = "<group>";
		};
/* End PBXGroup section */

/* Begin PBXNativeTarget section */
		437B5EB92413B6288EF916B0 /* StratoScanWatchWidget */ = {
			isa = PBXNativeTarget;
			buildConfigurationList = 384E3BCBD2600330168F9886 /* Build configuration list for PBXNativeTarget "StratoScanWatchWidget" */;
			buildPhases = (
				EF30CD1330AF55B6A92CE9D4 /* Sources */,
				B45FA2673180CFCB8FE903FC /* Resources */,
			);
			buildRules = (
			);
			dependencies = (
			);
			name = StratoScanWatchWidget;
			packageProductDependencies = (
			);
			productName = StratoScanWatchWidget;
			productReference = 4478D23E879A260BD2F0E435 /* StratoScanWatchWidget.appex */;
			productType = "com.apple.product-type.app-extension";
		};
		46DEACFAAD6836D23AAE66B1 /* StratoScan */ = {
			isa = PBXNativeTarget;
			buildConfigurationList = EB0856702E95065F62DA85BE /* Build configuration list for PBXNativeTarget "StratoScan" */;
			buildPhases = (
				E501E53787700CDA065B6606 /* Sources */,
				27AE1DA84F3BBCD4E676F6D0 /* Resources */,
				602881EEA274C379929E3C61 /* Frameworks */,
				2CFB5C169B3DB1CE0B6A95E3 /* Embed Foundation Extensions */,
				416D1FE18F890D64AEE06DCB /* Embed Watch Content */,
			);
			buildRules = (
			);
			dependencies = (
				41628D158F9506324E55B23C /* PBXTargetDependency */,
				099FDDA10BC22D52367F42D4 /* PBXTargetDependency */,
				DCC4E80EB84A303FA29621E7 /* PBXTargetDependency */,
			);
			name = StratoScan;
			packageProductDependencies = (
				7C20BA2D470E3E45C84A8CA7 /* MapLibre */,
			);
			productName = StratoScan;
			productReference = 6609CC85BB3894A9CAD1F7C1 /* StratoScan.app */;
			productType = "com.apple.product-type.application";
		};
		6102AAE5BD45DE0990EDCDC4 /* StratoScanWatch */ = {
			isa = PBXNativeTarget;
			buildConfigurationList = F8A0A0A9A4B5BF47377F1FED /* Build configuration list for PBXNativeTarget "StratoScanWatch" */;
			buildPhases = (
				A62ABC78581CAC5B5E287A12 /* Sources */,
				C8B703C1AEDE097B000C426F /* Resources */,
				D4CEC3AD3B8FC1B4259484CE /* Embed Foundation Extensions */,
			);
			buildRules = (
			);
			dependencies = (
				27059A68C1D102EFCCF3184E /* PBXTargetDependency */,
			);
			name = StratoScanWatch;
			packageProductDependencies = (
			);
			productName = StratoScanWatch;
			productReference = 83ECDAD1503BA5D0F233B26F /* StratoScanWatch.app */;
			productType = "com.apple.product-type.application";
		};
		CD6188FBDC801374E61DEB37 /* StratoScanNotificationService */ = {
			isa = PBXNativeTarget;
			buildConfigurationList = D51FCC10CC74F10EC065E57C /* Build configuration list for PBXNativeTarget "StratoScanNotificationService" */;
			buildPhases = (
				F578536162A01A147ADDFE07 /* Sources */,
				E16E5875FBFD2B8C5479E49A /* Resources */,
			);
			buildRules = (
			);
			dependencies = (
			);
			name = StratoScanNotificationService;
			packageProductDependencies = (
			);
			productName = StratoScanNotificationService;
			productReference = 8DA0A8BFA722DACA5B307874 /* StratoScanNotificationService.appex */;
			productType = "com.apple.product-type.app-extension";
		};
		D4BC17E64D7441F3E91AE5D0 /* StratoScanWidget */ = {
			isa = PBXNativeTarget;
			buildConfigurationList = BE1DDFD9121126F7A29B0E1A /* Build configuration list for PBXNativeTarget "StratoScanWidget" */;
			buildPhases = (
				3C735D4029188E1DC2D10D62 /* Sources */,
				E650FFA69161755E192F37C3 /* Resources */,
			);
			buildRules = (
			);
			dependencies = (
			);
			name = StratoScanWidget;
			packageProductDependencies = (
			);
			productName = StratoScanWidget;
			productReference = 92DD6C3B28E22E020AB8AF6C /* StratoScanWidget.appex */;
			productType = "com.apple.product-type.app-extension";
		};
/* End PBXNativeTarget section */

/* Begin PBXProject section */
		777A226CE838DD7247974369 /* Project object */ = {
			isa = PBXProject;
			attributes = {
				BuildIndependentTargetsInParallel = YES;
				LastUpgradeCheck = 1430;
				TargetAttributes = {
					437B5EB92413B6288EF916B0 = {
						DevelopmentTeam = 76VUC2AMZH;
						ProvisioningStyle = Automatic;
					};
					46DEACFAAD6836D23AAE66B1 = {
						DevelopmentTeam = 76VUC2AMZH;
						ProvisioningStyle = Automatic;
					};
					6102AAE5BD45DE0990EDCDC4 = {
						DevelopmentTeam = 76VUC2AMZH;
						ProvisioningStyle = Automatic;
					};
					CD6188FBDC801374E61DEB37 = {
						DevelopmentTeam = 76VUC2AMZH;
						ProvisioningStyle = Automatic;
					};
					D4BC17E64D7441F3E91AE5D0 = {
						DevelopmentTeam = 76VUC2AMZH;
						ProvisioningStyle = Automatic;
					};
				};
			};
			buildConfigurationList = 1A15A8B5B81AE325D8720521 /* Build configuration list for PBXProject "StratoScan" */;
			developmentRegion = en;
			hasScannedForEncodings = 0;
			knownRegions = (
				Base,
				en,
			);
			mainGroup = 878856C25271650224D00838;
			minimizedProjectReferenceProxies = 1;
			packageReferences = (
				B7C94B338806229D85E75387 /* XCRemoteSwiftPackageReference "maplibre-gl-native-distribution" */,
			);
			preferredProjectObjectVersion = 77;
			productRefGroup = A9627103A766F589FDB210E1 /* Products */;
			projectDirPath = "";
			projectRoot = "";
			targets = (
				46DEACFAAD6836D23AAE66B1 /* StratoScan */,
				D4BC17E64D7441F3E91AE5D0 /* StratoScanWidget */,
				CD6188FBDC801374E61DEB37 /* StratoScanNotificationService */,
				6102AAE5BD45DE0990EDCDC4 /* StratoScanWatch */,
				437B5EB92413B6288EF916B0 /* StratoScanWatchWidget */,
			);
		};
/* End PBXProject section */

/* Begin PBXResourcesBuildPhase section */
		27AE1DA84F3BBCD4E676F6D0 /* Resources */ = {
			isa = PBXResourcesBuildPhase;
			buildActionMask = 2147483647;
			files = (
				CFDA24419A4CB93DCDD32CB4 /* Assets.xcassets in Resources */,
				D9A2808D0FA7914B9A661B29 /* PrivacyInfo.xcprivacy in Resources */,
				50966E29B1BD686FC832F274 /* demo-traffic.json in Resources */,
			);
			runOnlyForDeploymentPostprocessing = 0;
		};
		B45FA2673180CFCB8FE903FC /* Resources */ = {
			isa = PBXResourcesBuildPhase;
			buildActionMask = 2147483647;
			files = (
				F441AEAF7530A7F39A3B8594 /* PrivacyInfo.xcprivacy in Resources */,
				BB4508356F7CF032D1549B89 /* demo-traffic.json in Resources */,
			);
			runOnlyForDeploymentPostprocessing = 0;
		};
		C8B703C1AEDE097B000C426F /* Resources */ = {
			isa = PBXResourcesBuildPhase;
			buildActionMask = 2147483647;
			files = (
				EB944A79D57325EBF257552D /* Assets.xcassets in Resources */,
				44C9B21484D7E4D4A59127C9 /* PrivacyInfo.xcprivacy in Resources */,
				920AC1EB8F06F01F46C2A0FD /* demo-traffic.json in Resources */,
			);
			runOnlyForDeploymentPostprocessing = 0;
		};
		E16E5875FBFD2B8C5479E49A /* Resources */ = {
			isa = PBXResourcesBuildPhase;
			buildActionMask = 2147483647;
			files = (
				E4F424AAEDD0569C0495189A /* demo-traffic.json in Resources */,
			);
			runOnlyForDeploymentPostprocessing = 0;
		};
		E650FFA69161755E192F37C3 /* Resources */ = {
			isa = PBXResourcesBuildPhase;
			buildActionMask = 2147483647;
			files = (
				AC10DF173C5C924119C81655 /* PrivacyInfo.xcprivacy in Resources */,
				ECEC184F87581901614EA200 /* demo-traffic.json in Resources */,
			);
			runOnlyForDeploymentPostprocessing = 0;
		};
/* End PBXResourcesBuildPhase section */

/* Begin PBXSourcesBuildPhase section */
		3C735D4029188E1DC2D10D62 /* Sources */ = {
			isa = PBXSourcesBuildPhase;
			buildActionMask = 2147483647;
			files = (
				8E980A9CB02E30870DC736B2 /* APIConfig.swift in Sources */,
				082D9B8EE5A2DBD1AF83C302 /* Aircraft.swift in Sources */,
				53EBD2558D2C5D02179BC7E5 /* AircraftFeedClient.swift in Sources */,
				20C8D825AE7493A46474525E /* AirlineLogos.swift in Sources */,
				817AB2CF37034BB40C9D2CF7 /* AirlineTable.swift in Sources */,
				8948A1447A82D1623E73DB0C /* ApproachActivity.swift in Sources */,
				E991F05E5706064DAC15410A /* ApproachLiveActivity.swift in Sources */,
				07B97BDF9DE64C127292A078 /* BrandMark.swift in Sources */,
				63AC7D46EBF48380FE2450BB /* DemoFeed.swift in Sources */,
				D0419AF3AAF3B967830979F9 /* Geo.swift in Sources */,
				A865B45D14C1BC24C305ACE0 /* LocationBox.swift in Sources */,
				D679323A58232150307D4D11 /* NetworkFeed.swift in Sources */,
				1FF8E6AF970A64DBEEDDACDC /* StratoScanWidget.swift in Sources */,
			);
			runOnlyForDeploymentPostprocessing = 0;
		};
		A62ABC78581CAC5B5E287A12 /* Sources */ = {
			isa = PBXSourcesBuildPhase;
			buildActionMask = 2147483647;
			files = (
				AE3FE7C128BDE20BBE7D56E9 /* APIConfig.swift in Sources */,
				9157A0831F9B9EC9E415CF57 /* Aircraft.swift in Sources */,
				07FB259DD074F78D5709D652 /* AircraftFeedClient.swift in Sources */,
				8B01D4AA265CB5CA77E45406 /* BrandMark.swift in Sources */,
				7A2CB4FEAA2BC9D2F9992AFA /* DemoFeed.swift in Sources */,
				0352146A4D887D2D4DE94C2F /* Geo.swift in Sources */,
				AAB94812ECA2AC687CC84BA6 /* StratoScanWatchApp.swift in Sources */,
				4278F89C062ADF951F0EE9C9 /* WatchRadarView.swift in Sources */,
			);
			runOnlyForDeploymentPostprocessing = 0;
		};
		E501E53787700CDA065B6606 /* Sources */ = {
			isa = PBXSourcesBuildPhase;
			buildActionMask = 2147483647;
			files = (
				58BF1BFA5C8784D4AD22B13F /* APIConfig.swift in Sources */,
				A205F038BF4FEF76E68F41EC /* Aircraft.swift in Sources */,
				9A2C7EE6CB5A08A865F1F12E /* AircraftDetailView.swift in Sources */,
				0B4CA60C0DA28F8ADA2393D0 /* AircraftFeedClient.swift in Sources */,
				AC7C947B6D6394C222DF245A /* AircraftTypeClient.swift in Sources */,
				332F9A16CC2FC68ED5987B5B /* AirlineLogos.swift in Sources */,
				C9A41294E0070DF5F7DF4153 /* AirlineTable.swift in Sources */,
				054A9969C0E62E8D66CD934E /* AlertsSection.swift in Sources */,
				FA1F6E8BABAE41C1024B2895 /* ApproachActivity.swift in Sources */,
				D345098C577D7EA4D3147B31 /* ApproachReporter.swift in Sources */,
				6E1E0F66E091F631527A6A12 /* BrandMark.swift in Sources */,
				8163E5CF4DB902A926F17993 /* CompassView.swift in Sources */,
				8DE093837B6BAFBD028C1A71 /* ContentView.swift in Sources */,
				2474402DE9D6E2A16B4EAA8A /* CreditsView.swift in Sources */,
				62764A4C2015D31F9F971900 /* DemoFeed.swift in Sources */,
				BC2C37BC0301F0E59E658902 /* Geo.swift in Sources */,
				9C38DCC3E87DA7DEE9B6FEE5 /* LocationBox.swift in Sources */,
				9D8617F4429628CE7056BFCF /* LogbookView.swift in Sources */,
				EEE12213C8DA5F899E964ADD /* MapBackgroundView.swift in Sources */,
				7AF06078206BCBE5A9C90481 /* NetworkFeed.swift in Sources */,
				51BC9F7EDC0A1405433EAD10 /* NormalizedAircraft.swift in Sources */,
				6092AB4BC94415EAB9DEF3CF /* PairedRadarsSection.swift in Sources */,
				79DAF8AF86627ED0E3F72CE9 /* PairingScannerView.swift in Sources */,
				0A00B4CC7833445AB4195D23 /* PairingStore.swift in Sources */,
				EAA2B527983849ACFD037927 /* Palette.swift in Sources */,
				7A0AFB71E8F03D2A97F71761 /* PhoneLocation.swift in Sources */,
				5777BD63375DF19D2C953815 /* PlaneState.swift in Sources */,
				6A8895D5B4BD6C96C7599F99 /* PushManager.swift in Sources */,
				1485C468E4F8E97DD13A9225 /* RadarSetup.swift in Sources */,
				D257E4B524CEA75F7CE1B7A8 /* RadarSetupView.swift in Sources */,
				2AC5C03DF6FFAA7D3D45F7F3 /* RadarView.swift in Sources */,
				12ACD563BAEC7EDED74E198B /* RadarViewModel.swift in Sources */,
				254629EDA76970D90591B0F6 /* RelayClient.swift in Sources */,
				A22853673B0998017B521C54 /* RelayIdentity.swift in Sources */,
				ADF6ACF09F206C0FB2DA91D2 /* RouteLookupClient.swift in Sources */,
				2BBE19EA046C6ED4E76A20E2 /* RunwayClient.swift in Sources */,
				A77D7956DFCBA6DF7ACA8167 /* SettingsView.swift in Sources */,
				FB75EE609F71C89FEBC67D14 /* SkyView.swift in Sources */,
				FBFA73F23B10FB7172058A19 /* StratoScanApp.swift in Sources */,
				5D712035BF69F68E7FAFEEFA /* Sun.swift in Sources */,
				C21AC1382A485A5E79CCDDB3 /* WatchSync.swift in Sources */,
			);
			runOnlyForDeploymentPostprocessing = 0;
		};
		EF30CD1330AF55B6A92CE9D4 /* Sources */ = {
			isa = PBXSourcesBuildPhase;
			buildActionMask = 2147483647;
			files = (
				E32113C4072A45050B7E1A9D /* APIConfig.swift in Sources */,
				A92BD58AD7A25002A784602A /* Aircraft.swift in Sources */,
				900841E56DF063DA67A32AD1 /* AircraftFeedClient.swift in Sources */,
				9D28618B790C89D689CDB833 /* DemoFeed.swift in Sources */,
				8290B2A5BA9ACC02396DF0FC /* Geo.swift in Sources */,
				47FCACC5697D001C68FA372B /* StratoScanWatchWidget.swift in Sources */,
			);
			runOnlyForDeploymentPostprocessing = 0;
		};
		F578536162A01A147ADDFE07 /* Sources */ = {
			isa = PBXSourcesBuildPhase;
			buildActionMask = 2147483647;
			files = (
				FB7AB38C2AE6D7474636A7CD /* APIConfig.swift in Sources */,
				8CAF6B2B7F106DB063A3F146 /* Aircraft.swift in Sources */,
				FEB5C90D895AF061295872C1 /* AircraftFeedClient.swift in Sources */,
				EF30B2F476FFFFAE03E658F5 /* AirlineLogos.swift in Sources */,
				0A6C8C41AB4DF1DBEAD55557 /* AirlineTable.swift in Sources */,
				F845C36E53A8D89469F3DF09 /* ApproachActivity.swift in Sources */,
				4254C2DF93644335510D3F84 /* BrandMark.swift in Sources */,
				9EC8B9A9BC6A5CD9C49ECFE5 /* DemoFeed.swift in Sources */,
				3A992A4171A2BB6C8A4467EA /* Geo.swift in Sources */,
				F14EEBD43626C281A4908B6A /* LocationBox.swift in Sources */,
				E190B6C439D8CDE0C7DFB766 /* NetworkFeed.swift in Sources */,
				D7B12E42E96B13FE5E97E333 /* NotificationService.swift in Sources */,
			);
			runOnlyForDeploymentPostprocessing = 0;
		};
/* End PBXSourcesBuildPhase section */

/* Begin PBXTargetDependency section */
		099FDDA10BC22D52367F42D4 /* PBXTargetDependency */ = {
			isa = PBXTargetDependency;
			target = CD6188FBDC801374E61DEB37 /* StratoScanNotificationService */;
			targetProxy = CEA2A483832B80C12BBDEA03 /* PBXContainerItemProxy */;
		};
		27059A68C1D102EFCCF3184E /* PBXTargetDependency */ = {
			isa = PBXTargetDependency;
			target = 437B5EB92413B6288EF916B0 /* StratoScanWatchWidget */;
			targetProxy = F9A628B3175812089B0FB3BE /* PBXContainerItemProxy */;
		};
		41628D158F9506324E55B23C /* PBXTargetDependency */ = {
			isa = PBXTargetDependency;
			target = D4BC17E64D7441F3E91AE5D0 /* StratoScanWidget */;
			targetProxy = AE34BC6030118388F5B76F79 /* PBXContainerItemProxy */;
		};
		DCC4E80EB84A303FA29621E7 /* PBXTargetDependency */ = {
			isa = PBXTargetDependency;
			target = 6102AAE5BD45DE0990EDCDC4 /* StratoScanWatch */;
			targetProxy = A5157B24993D5F854CD3E32D /* PBXContainerItemProxy */;
		};
/* End PBXTargetDependency section */

/* Begin XCBuildConfiguration section */
		14E02219C8A97700726BC386 /* Debug */ = {
			isa = XCBuildConfiguration;
			buildSettings = {
				CODE_SIGN_STYLE = Automatic;
				CURRENT_PROJECT_VERSION = 1;
				DEVELOPMENT_TEAM = 76VUC2AMZH;
				INFOPLIST_FILE = StratoScanWatchWidget/Info.plist;
				LD_RUNPATH_SEARCH_PATHS = (
					"$(inherited)",
					"@executable_path/Frameworks",
					"@executable_path/../../Frameworks",
				);
				MARKETING_VERSION = 1.0;
				PRODUCT_BUNDLE_IDENTIFIER = com.NelsonIndustries.radome.watchkitapp.widget;
				SDKROOT = watchos;
				SKIP_INSTALL = YES;
				SWIFT_VERSION = 5.10;
				TARGETED_DEVICE_FAMILY = 4;
				WATCHOS_DEPLOYMENT_TARGET = 10.0;
			};
			name = Debug;
		};
		31708610922CF93DE3A86C29 /* Debug */ = {
			isa = XCBuildConfiguration;
			buildSettings = {
				ASSETCATALOG_COMPILER_APPICON_NAME = AppIcon;
				CODE_SIGN_STYLE = Automatic;
				CURRENT_PROJECT_VERSION = 1;
				DEVELOPMENT_TEAM = 76VUC2AMZH;
				INFOPLIST_FILE = StratoScanWatch/Info.plist;
				MARKETING_VERSION = 1.0;
				PRODUCT_BUNDLE_IDENTIFIER = com.NelsonIndustries.radome.watchkitapp;
				SDKROOT = watchos;
				SKIP_INSTALL = YES;
				SWIFT_VERSION = 5.10;
				TARGETED_DEVICE_FAMILY = 4;
				WATCHOS_DEPLOYMENT_TARGET = 10.0;
			};
			name = Debug;
		};
		3DD77BF9E279332F9DD57367 /* Release */ = {
			isa = XCBuildConfiguration;
			buildSettings = {
				CODE_SIGN_STYLE = Automatic;
				CURRENT_PROJECT_VERSION = 1;
				DEVELOPMENT_TEAM = 76VUC2AMZH;
				INFOPLIST_FILE = StratoScanWatchWidget/Info.plist;
				LD_RUNPATH_SEARCH_PATHS = (
					"$(inherited)",
					"@executable_path/Frameworks",
					"@executable_path/../../Frameworks",
				);
				MARKETING_VERSION = 1.0;
				PRODUCT_BUNDLE_IDENTIFIER = com.NelsonIndustries.radome.watchkitapp.widget;
				SDKROOT = watchos;
				SKIP_INSTALL = YES;
				SWIFT_VERSION = 5.10;
				TARGETED_DEVICE_FAMILY = 4;
				WATCHOS_DEPLOYMENT_TARGET = 10.0;
			};
			name = Release;
		};
		59D3C260931AE3B2BDC3CBE7 /* Debug */ = {
			isa = XCBuildConfiguration;
			buildSettings = {
				ALWAYS_SEARCH_USER_PATHS = NO;
				CLANG_ANALYZER_NONNULL = YES;
				CLANG_ANALYZER_NUMBER_OBJECT_CONVERSION = YES_AGGRESSIVE;
				CLANG_CXX_LANGUAGE_STANDARD = "gnu++14";
				CLANG_CXX_LIBRARY = "libc++";
				CLANG_ENABLE_MODULES = YES;
				CLANG_ENABLE_OBJC_ARC = YES;
				CLANG_ENABLE_OBJC_WEAK = YES;
				CLANG_WARN_BLOCK_CAPTURE_AUTORELEASING = YES;
				CLANG_WARN_BOOL_CONVERSION = YES;
				CLANG_WARN_COMMA = YES;
				CLANG_WARN_CONSTANT_CONVERSION = YES;
				CLANG_WARN_DEPRECATED_OBJC_IMPLEMENTATIONS = YES;
				CLANG_WARN_DIRECT_OBJC_ISA_USAGE = YES_ERROR;
				CLANG_WARN_DOCUMENTATION_COMMENTS = YES;
				CLANG_WARN_EMPTY_BODY = YES;
				CLANG_WARN_ENUM_CONVERSION = YES;
				CLANG_WARN_INFINITE_RECURSION = YES;
				CLANG_WARN_INT_CONVERSION = YES;
				CLANG_WARN_NON_LITERAL_NULL_CONVERSION = YES;
				CLANG_WARN_OBJC_IMPLICIT_RETAIN_SELF = YES;
				CLANG_WARN_OBJC_LITERAL_CONVERSION = YES;
				CLANG_WARN_OBJC_ROOT_CLASS = YES_ERROR;
				CLANG_WARN_QUOTED_INCLUDE_IN_FRAMEWORK_HEADER = YES;
				CLANG_WARN_RANGE_LOOP_ANALYSIS = YES;
				CLANG_WARN_STRICT_PROTOTYPES = YES;
				CLANG_WARN_SUSPICIOUS_MOVE = YES;
				CLANG_WARN_UNGUARDED_AVAILABILITY = YES_AGGRESSIVE;
				CLANG_WARN_UNREACHABLE_CODE = YES;
				CLANG_WARN__DUPLICATE_METHOD_MATCH = YES;
				COPY_PHASE_STRIP = NO;
				DEBUG_INFORMATION_FORMAT = dwarf;
				ENABLE_STRICT_OBJC_MSGSEND = YES;
				ENABLE_TESTABILITY = YES;
				GCC_C_LANGUAGE_STANDARD = gnu11;
				GCC_DYNAMIC_NO_PIC = NO;
				GCC_NO_COMMON_BLOCKS = YES;
				GCC_OPTIMIZATION_LEVEL = 0;
				GCC_PREPROCESSOR_DEFINITIONS = (
					"$(inherited)",
					"DEBUG=1",
				);
				GCC_WARN_64_TO_32_BIT_CONVERSION = YES;
				GCC_WARN_ABOUT_RETURN_TYPE = YES_ERROR;
				GCC_WARN_UNDECLARED_SELECTOR = YES;
				GCC_WARN_UNINITIALIZED_AUTOS = YES_AGGRESSIVE;
				GCC_WARN_UNUSED_FUNCTION = YES;
				GCC_WARN_UNUSED_VARIABLE = YES;
				IPHONEOS_DEPLOYMENT_TARGET = 17.2;
				MTL_ENABLE_DEBUG_INFO = INCLUDE_SOURCE;
				MTL_FAST_MATH = YES;
				ONLY_ACTIVE_ARCH = YES;
				PRODUCT_NAME = "$(TARGET_NAME)";
				SWIFT_ACTIVE_COMPILATION_CONDITIONS = DEBUG;
				SWIFT_OPTIMIZATION_LEVEL = "-Onone";
				SWIFT_VERSION = 5.0;
			};
			name = Debug;
		};
		5FB373553B97978A426A49D8 /* Debug */ = {
			isa = XCBuildConfiguration;
			buildSettings = {
				CODE_SIGN_ENTITLEMENTS = StratoScanWidget/StratoScanWidget.entitlements;
				CODE_SIGN_STYLE = Automatic;
				CURRENT_PROJECT_VERSION = 1;
				DEVELOPMENT_TEAM = 76VUC2AMZH;
				INFOPLIST_FILE = StratoScanWidget/Info.plist;
				IPHONEOS_DEPLOYMENT_TARGET = 17.2;
				LD_RUNPATH_SEARCH_PATHS = (
					"$(inherited)",
					"@executable_path/Frameworks",
					"@executable_path/../../Frameworks",
				);
				MARKETING_VERSION = 1.0;
				PRODUCT_BUNDLE_IDENTIFIER = com.NelsonIndustries.radome.widget;
				SDKROOT = iphoneos;
				SWIFT_VERSION = 5.10;
				TARGETED_DEVICE_FAMILY = "1,2";
			};
			name = Debug;
		};
		74F1558CF62ED79F1D215AD6 /* Debug */ = {
			isa = XCBuildConfiguration;
			buildSettings = {
				ASSETCATALOG_COMPILER_APPICON_NAME = AppIcon;
				CODE_SIGN_ENTITLEMENTS = StratoScan/App/StratoScan.entitlements;
				CODE_SIGN_IDENTITY = "iPhone Developer";
				CODE_SIGN_STYLE = Automatic;
				CURRENT_PROJECT_VERSION = 1;
				DEVELOPMENT_TEAM = 76VUC2AMZH;
				ENABLE_PREVIEWS = YES;
				INFOPLIST_FILE = StratoScan/App/Info.plist;
				IPHONEOS_DEPLOYMENT_TARGET = 17.2;
				LD_RUNPATH_SEARCH_PATHS = (
					"$(inherited)",
					"@executable_path/Frameworks",
				);
				MARKETING_VERSION = 1.0;
				PRODUCT_BUNDLE_IDENTIFIER = com.NelsonIndustries.radome;
				SDKROOT = iphoneos;
				SWIFT_VERSION = 5.10;
				TARGETED_DEVICE_FAMILY = "1,2";
			};
			name = Debug;
		};
		9229DA765EF0835B6A5251CA /* Release */ = {
			isa = XCBuildConfiguration;
			buildSettings = {
				ASSETCATALOG_COMPILER_APPICON_NAME = AppIcon;
				CODE_SIGN_ENTITLEMENTS = StratoScan/App/StratoScan.entitlements;
				CODE_SIGN_IDENTITY = "iPhone Developer";
				CODE_SIGN_STYLE = Automatic;
				CURRENT_PROJECT_VERSION = 1;
				DEVELOPMENT_TEAM = 76VUC2AMZH;
				ENABLE_PREVIEWS = YES;
				INFOPLIST_FILE = StratoScan/App/Info.plist;
				IPHONEOS_DEPLOYMENT_TARGET = 17.2;
				LD_RUNPATH_SEARCH_PATHS = (
					"$(inherited)",
					"@executable_path/Frameworks",
				);
				MARKETING_VERSION = 1.0;
				PRODUCT_BUNDLE_IDENTIFIER = com.NelsonIndustries.radome;
				SDKROOT = iphoneos;
				SWIFT_VERSION = 5.10;
				TARGETED_DEVICE_FAMILY = "1,2";
			};
			name = Release;
		};
		ACBA2D593019C6B8A29288A5 /* Release */ = {
			isa = XCBuildConfiguration;
			buildSettings = {
				CODE_SIGN_STYLE = Automatic;
				CURRENT_PROJECT_VERSION = 1;
				DEVELOPMENT_TEAM = 76VUC2AMZH;
				INFOPLIST_FILE = StratoScanNotificationService/Info.plist;
				IPHONEOS_DEPLOYMENT_TARGET = 17.2;
				LD_RUNPATH_SEARCH_PATHS = (
					"$(inherited)",
					"@executable_path/Frameworks",
					"@executable_path/../../Frameworks",
				);
				MARKETING_VERSION = 1.0;
				PRODUCT_BUNDLE_IDENTIFIER = com.NelsonIndustries.radome.notifications;
				SDKROOT = iphoneos;
				SWIFT_VERSION = 5.10;
				TARGETED_DEVICE_FAMILY = "1,2";
			};
			name = Release;
		};
		B04ADA6D1064132D0F1A70D5 /* Release */ = {
			isa = XCBuildConfiguration;
			buildSettings = {
				ALWAYS_SEARCH_USER_PATHS = NO;
				CLANG_ANALYZER_NONNULL = YES;
				CLANG_ANALYZER_NUMBER_OBJECT_CONVERSION = YES_AGGRESSIVE;
				CLANG_CXX_LANGUAGE_STANDARD = "gnu++14";
				CLANG_CXX_LIBRARY = "libc++";
				CLANG_ENABLE_MODULES = YES;
				CLANG_ENABLE_OBJC_ARC = YES;
				CLANG_ENABLE_OBJC_WEAK = YES;
				CLANG_WARN_BLOCK_CAPTURE_AUTORELEASING = YES;
				CLANG_WARN_BOOL_CONVERSION = YES;
				CLANG_WARN_COMMA = YES;
				CLANG_WARN_CONSTANT_CONVERSION = YES;
				CLANG_WARN_DEPRECATED_OBJC_IMPLEMENTATIONS = YES;
				CLANG_WARN_DIRECT_OBJC_ISA_USAGE = YES_ERROR;
				CLANG_WARN_DOCUMENTATION_COMMENTS = YES;
				CLANG_WARN_EMPTY_BODY = YES;
				CLANG_WARN_ENUM_CONVERSION = YES;
				CLANG_WARN_INFINITE_RECURSION = YES;
				CLANG_WARN_INT_CONVERSION = YES;
				CLANG_WARN_NON_LITERAL_NULL_CONVERSION = YES;
				CLANG_WARN_OBJC_IMPLICIT_RETAIN_SELF = YES;
				CLANG_WARN_OBJC_LITERAL_CONVERSION = YES;
				CLANG_WARN_OBJC_ROOT_CLASS = YES_ERROR;
				CLANG_WARN_QUOTED_INCLUDE_IN_FRAMEWORK_HEADER = YES;
				CLANG_WARN_RANGE_LOOP_ANALYSIS = YES;
				CLANG_WARN_STRICT_PROTOTYPES = YES;
				CLANG_WARN_SUSPICIOUS_MOVE = YES;
				CLANG_WARN_UNGUARDED_AVAILABILITY = YES_AGGRESSIVE;
				CLANG_WARN_UNREACHABLE_CODE = YES;
				CLANG_WARN__DUPLICATE_METHOD_MATCH = YES;
				COPY_PHASE_STRIP = NO;
				DEBUG_INFORMATION_FORMAT = "dwarf-with-dsym";
				ENABLE_NS_ASSERTIONS = NO;
				ENABLE_STRICT_OBJC_MSGSEND = YES;
				GCC_C_LANGUAGE_STANDARD = gnu11;
				GCC_NO_COMMON_BLOCKS = YES;
				GCC_WARN_64_TO_32_BIT_CONVERSION = YES;
				GCC_WARN_ABOUT_RETURN_TYPE = YES_ERROR;
				GCC_WARN_UNDECLARED_SELECTOR = YES;
				GCC_WARN_UNINITIALIZED_AUTOS = YES_AGGRESSIVE;
				GCC_WARN_UNUSED_FUNCTION = YES;
				GCC_WARN_UNUSED_VARIABLE = YES;
				IPHONEOS_DEPLOYMENT_TARGET = 17.2;
				MTL_ENABLE_DEBUG_INFO = NO;
				MTL_FAST_MATH = YES;
				PRODUCT_NAME = "$(TARGET_NAME)";
				SWIFT_COMPILATION_MODE = wholemodule;
				SWIFT_OPTIMIZATION_LEVEL = "-O";
				SWIFT_VERSION = 5.0;
			};
			name = Release;
		};
		BC298545C4515B5E3DA22C8D /* Debug */ = {
			isa = XCBuildConfiguration;
			buildSettings = {
				CODE_SIGN_STYLE = Automatic;
				CURRENT_PROJECT_VERSION = 1;
				DEVELOPMENT_TEAM = 76VUC2AMZH;
				INFOPLIST_FILE = StratoScanNotificationService/Info.plist;
				IPHONEOS_DEPLOYMENT_TARGET = 17.2;
				LD_RUNPATH_SEARCH_PATHS = (
					"$(inherited)",
					"@executable_path/Frameworks",
					"@executable_path/../../Frameworks",
				);
				MARKETING_VERSION = 1.0;
				PRODUCT_BUNDLE_IDENTIFIER = com.NelsonIndustries.radome.notifications;
				SDKROOT = iphoneos;
				SWIFT_VERSION = 5.10;
				TARGETED_DEVICE_FAMILY = "1,2";
			};
			name = Debug;
		};
		F504A0943C3F5349D9A3899A /* Release */ = {
			isa = XCBuildConfiguration;
			buildSettings = {
				ASSETCATALOG_COMPILER_APPICON_NAME = AppIcon;
				CODE_SIGN_STYLE = Automatic;
				CURRENT_PROJECT_VERSION = 1;
				DEVELOPMENT_TEAM = 76VUC2AMZH;
				INFOPLIST_FILE = StratoScanWatch/Info.plist;
				MARKETING_VERSION = 1.0;
				PRODUCT_BUNDLE_IDENTIFIER = com.NelsonIndustries.radome.watchkitapp;
				SDKROOT = watchos;
				SKIP_INSTALL = YES;
				SWIFT_VERSION = 5.10;
				TARGETED_DEVICE_FAMILY = 4;
				WATCHOS_DEPLOYMENT_TARGET = 10.0;
			};
			name = Release;
		};
		F63775317B8586BB34B6FA60 /* Release */ = {
			isa = XCBuildConfiguration;
			buildSettings = {
				CODE_SIGN_ENTITLEMENTS = StratoScanWidget/StratoScanWidget.entitlements;
				CODE_SIGN_STYLE = Automatic;
				CURRENT_PROJECT_VERSION = 1;
				DEVELOPMENT_TEAM = 76VUC2AMZH;
				INFOPLIST_FILE = StratoScanWidget/Info.plist;
				IPHONEOS_DEPLOYMENT_TARGET = 17.2;
				LD_RUNPATH_SEARCH_PATHS = (
					"$(inherited)",
					"@executable_path/Frameworks",
					"@executable_path/../../Frameworks",
				);
				MARKETING_VERSION = 1.0;
				PRODUCT_BUNDLE_IDENTIFIER = com.NelsonIndustries.radome.widget;
				SDKROOT = iphoneos;
				SWIFT_VERSION = 5.10;
				TARGETED_DEVICE_FAMILY = "1,2";
			};
			name = Release;
		};
/* End XCBuildConfiguration section */

/* Begin XCConfigurationList section */
		1A15A8B5B81AE325D8720521 /* Build configuration list for PBXProject "StratoScan" */ = {
			isa = XCConfigurationList;
			buildConfigurations = (
				59D3C260931AE3B2BDC3CBE7 /* Debug */,
				B04ADA6D1064132D0F1A70D5 /* Release */,
			);
			defaultConfigurationIsVisible = 0;
			defaultConfigurationName = Debug;
		};
		384E3BCBD2600330168F9886 /* Build configuration list for PBXNativeTarget "StratoScanWatchWidget" */ = {
			isa = XCConfigurationList;
			buildConfigurations = (
				14E02219C8A97700726BC386 /* Debug */,
				3DD77BF9E279332F9DD57367 /* Release */,
			);
			defaultConfigurationIsVisible = 0;
			defaultConfigurationName = Debug;
		};
		BE1DDFD9121126F7A29B0E1A /* Build configuration list for PBXNativeTarget "StratoScanWidget" */ = {
			isa = XCConfigurationList;
			buildConfigurations = (
				5FB373553B97978A426A49D8 /* Debug */,
				F63775317B8586BB34B6FA60 /* Release */,
			);
			defaultConfigurationIsVisible = 0;
			defaultConfigurationName = Debug;
		};
		D51FCC10CC74F10EC065E57C /* Build configuration list for PBXNativeTarget "StratoScanNotificationService" */ = {
			isa = XCConfigurationList;
			buildConfigurations = (
				BC298545C4515B5E3DA22C8D /* Debug */,
				ACBA2D593019C6B8A29288A5 /* Release */,
			);
			defaultConfigurationIsVisible = 0;
			defaultConfigurationName = Debug;
		};
		EB0856702E95065F62DA85BE /* Build configuration list for PBXNativeTarget "StratoScan" */ = {
			isa = XCConfigurationList;
			buildConfigurations = (
				74F1558CF62ED79F1D215AD6 /* Debug */,
				9229DA765EF0835B6A5251CA /* Release */,
			);
			defaultConfigurationIsVisible = 0;
			defaultConfigurationName = Debug;
		};
		F8A0A0A9A4B5BF47377F1FED /* Build configuration list for PBXNativeTarget "StratoScanWatch" */ = {
			isa = XCConfigurationList;
			buildConfigurations = (
				31708610922CF93DE3A86C29 /* Debug */,
				F504A0943C3F5349D9A3899A /* Release */,
			);
			defaultConfigurationIsVisible = 0;
			defaultConfigurationName = Debug;
		};
/* End XCConfigurationList section */

/* Begin XCRemoteSwiftPackageReference section */
		B7C94B338806229D85E75387 /* XCRemoteSwiftPackageReference "maplibre-gl-native-distribution" */ = {
			isa = XCRemoteSwiftPackageReference;
			repositoryURL = "https://github.com/maplibre/maplibre-gl-native-distribution";
			requirement = {
				kind = exactVersion;
				version = 6.28.0;
			};
		};
/* End XCRemoteSwiftPackageReference section */

/* Begin XCSwiftPackageProductDependency section */
		7C20BA2D470E3E45C84A8CA7 /* MapLibre */ = {
			isa = XCSwiftPackageProductDependency;
			package = B7C94B338806229D85E75387 /* XCRemoteSwiftPackageReference "maplibre-gl-native-distribution" */;
			productName = MapLibre;
		};
/* End XCSwiftPackageProductDependency section */
	};
	rootObject = 777A226CE838DD7247974369 /* Project object */;
}
